dependencies:
  idf:
    source:
      type: idf
    version: 5.2.2
  nimble_central_utils:
    dependencies: []
    source:
      path: /Users/marektatyrek/esp/esp-idf/examples/bluetooth/nimble/common/nimble_central_utils
      type: local
    version: '*'
direct_dependencies:
- nimble_central_utils
manifest_hash: 452b1ac3f8e4b28b6a149703b17af51eeeb8220b6cef587b66eb40b7791d520f
target: esp32
version: 2.0.0
